// !$*UTF8*$!
{
	archiveVersion = 1;
	classes = {
	};
	objectVersion = 56;
	objects = {

/* Begin PBXBuildFile section */
		1970AC6F298C1A2C00AF5DCF /* AppDelegate.swift in Sources */ = {isa = PBXBuildFile; fileRef = 1970AC6E298C1A2C00AF5DCF /* AppDelegate.swift */; };
		1970AC71298C1A2C00AF5DCF /* GameScene.sks in Resources */ = {isa = PBXBuildFile; fileRef = 1970AC70298C1A2C00AF5DCF /* GameScene.sks */; };
		1970AC73298C1A2C00AF5DCF /* Actions.sks in Resources */ = {isa = PBXBuildFile; fileRef = 1970AC72298C1A2C00AF5DCF /* Actions.sks */; };
		1970AC75298C1A2C00AF5DCF /* GameScene.swift in Sources */ = {isa = PBXBuildFile; fileRef = 1970AC74298C1A2C00AF5DCF /* GameScene.swift */; };
		1970AC77298C1A2C00AF5DCF /* GameViewController.swift in Sources */ = {isa = PBXBuildFile; fileRef = 1970AC76298C1A2C00AF5DCF /* GameViewController.swift */; };
		1970AC7A298C1A2C00AF5DCF /* Main.storyboard in Resources */ = {isa = PBXBuildFile; fileRef = 1970AC78298C1A2C00AF5DCF /* Main.storyboard */; };
		1970AC7C298C1A2D00AF5DCF /* Assets.xcassets in Resources */ = {isa = PBXBuildFile; fileRef = 1970AC7B298C1A2D00AF5DCF /* Assets.xcassets */; };
		1970AC7F298C1A2D00AF5DCF /* LaunchScreen.storyboard in Resources */ = {isa = PBXBuildFile; fileRef = 1970AC7D298C1A2D00AF5DCF /* LaunchScreen.storyboard */; };
		1970ACA7298C1B3A00AF5DCF /* plane3.png in Resources */ = {isa = PBXBuildFile; fileRef = 1970AC87298C1B3A00AF5DCF /* plane3.png */; };
		1970ACA8298C1B3A00AF5DCF /* plane2.png in Resources */ = {isa = PBXBuildFile; fileRef = 1970AC88298C1B3A00AF5DCF /* plane2.png */; };
		1970ACA9298C1B3A00AF5DCF /* plane1.png in Resources */ = {isa = PBXBuildFile; fileRef = 1970AC89298C1B3A00AF5DCF /* plane1.png */; };
		1970ACAA298C1B3A00AF5DCF /* backButton.png in Resources */ = {isa = PBXBuildFile; fileRef = 1970AC8A298C1B3A00AF5DCF /* backButton.png */; };
		1970ACAB298C1B3A00AF5DCF /* plane.png in Resources */ = {isa = PBXBuildFile; fileRef = 1970AC8B298C1B3A00AF5DCF /* plane.png */; };
		1970ACAC298C1B3A00AF5DCF /* island.png in Resources */ = {isa = PBXBuildFile; fileRef = 1970AC8C298C1B3A00AF5DCF /* island.png */; };
		1970ACAD298C1B3A00AF5DCF /* ocean.gif in Resources */ = {isa = PBXBuildFile; fileRef = 1970AC8D298C1B3A00AF5DCF /* ocean.gif */; };
		1970ACAE298C1B3A00AF5DCF /* cloud.png in Resources */ = {isa = PBXBuildFile; fileRef = 1970AC8E298C1B3A00AF5DCF /* cloud.png */; };
		1970ACAF298C1B3A00AF5DCF /* nextButton.png in Resources */ = {isa = PBXBuildFile; fileRef = 1970AC8F298C1B3A00AF5DCF /* nextButton.png */; };
		1970ACB0298C1B3A00AF5DCF /* ocean.png in Resources */ = {isa = PBXBuildFile; fileRef = 1970AC90298C1B3A00AF5DCF /* ocean.png */; };
		1970ACB1298C1B3A00AF5DCF /* startButton.png in Resources */ = {isa = PBXBuildFile; fileRef = 1970AC91298C1B3A00AF5DCF /* startButton.png */; };
		1970ACB2298C1B3A00AF5DCF /* thunder.ogg in Resources */ = {isa = PBXBuildFile; fileRef = 1970AC93298C1B3A00AF5DCF /* thunder.ogg */; };
		1970ACB3298C1B3A00AF5DCF /* yay.ogg in Resources */ = {isa = PBXBuildFile; fileRef = 1970AC94298C1B3A00AF5DCF /* yay.ogg */; };
		1970ACB4298C1B3A00AF5DCF /* engine.ogg in Resources */ = {isa = PBXBuildFile; fileRef = 1970AC95298C1B3A00AF5DCF /* engine.ogg */; };
		1970ACB5298C1B3A00AF5DCF /* engine.mp3 in Resources */ = {isa = PBXBuildFile; fileRef = 1970AC96298C1B3A00AF5DCF /* engine.mp3 */; };
		1970ACB6298C1B3A00AF5DCF /* thunder.mp3 in Resources */ = {isa = PBXBuildFile; fileRef = 1970AC97298C1B3A00AF5DCF /* thunder.mp3 */; };
		1970ACB7298C1B3A00AF5DCF /* yay.mp3 in Resources */ = {isa = PBXBuildFile; fileRef = 1970AC98298C1B3A00AF5DCF /* yay.mp3 */; };
		1970ACB8298C1B3A00AF5DCF /* Dock51.ttf in Resources */ = {isa = PBXBuildFile; fileRef = 1970AC9A298C1B3A00AF5DCF /* Dock51.ttf */; };
		1970ACB9298C1B3A00AF5DCF /* Island.swift in Sources */ = {isa = PBXBuildFile; fileRef = 1970AC9C298C1B3A00AF5DCF /* Island.swift */; };
		1970ACBA298C1B3A00AF5DCF /* Cloud.swift in Sources */ = {isa = PBXBuildFile; fileRef = 1970AC9D298C1B3A00AF5DCF /* Cloud.swift */; };
		1970ACBB298C1B3A00AF5DCF /* Ocean.swift in Sources */ = {isa = PBXBuildFile; fileRef = 1970AC9E298C1B3A00AF5DCF /* Ocean.swift */; };
		1970ACBC298C1B3A00AF5DCF /* Player.swift in Sources */ = {isa = PBXBuildFile; fileRef = 1970AC9F298C1B3A00AF5DCF /* Player.swift */; };
		1970ACBD298C1B3A00AF5DCF /* GameProtocol.swift in Sources */ = {isa = PBXBuildFile; fileRef = 1970ACA1298C1B3A00AF5DCF /* GameProtocol.swift */; };
		1970ACBE298C1B3A00AF5DCF /* GameObject.swift in Sources */ = {isa = PBXBuildFile; fileRef = 1970ACA2298C1B3A00AF5DCF /* GameObject.swift */; };
		1970ACBF298C1B3A00AF5DCF /* Layer.swift in Sources */ = {isa = PBXBuildFile; fileRef = 1970ACA3298C1B3A00AF5DCF /* Layer.swift */; };
		1970ACC0298C1B3A00AF5DCF /* ScoreManager.swift in Sources */ = {isa = PBXBuildFile; fileRef = 1970ACA5298C1B3A00AF5DCF /* ScoreManager.swift */; };
		1970ACC1298C1B3A00AF5DCF /* CollisionManager.swift in Sources */ = {isa = PBXBuildFile; fileRef = 1970ACA6298C1B3A00AF5DCF /* CollisionManager.swift */; };
/* End PBXBuildFile section */

/* Begin PBXFileReference section */
		1970AC6B298C1A2C00AF5DCF /* lab-ice-3.app */ = {isa = PBXFileReference; explicitFileType = wrapper.application; includeInIndex = 0; path = "lab-ice-3.app"; sourceTree = BUILT_PRODUCTS_DIR; };
		1970AC6E298C1A2C00AF5DCF /* AppDelegate.swift */ = {isa = PBXFileReference; lastKnownFileType = sourcecode.swift; path = AppDelegate.swift; sourceTree = "<group>"; };
		1970AC70298C1A2C00AF5DCF /* GameScene.sks */ = {isa = PBXFileReference; lastKnownFileType = file.sks; path = GameScene.sks; sourceTree = "<group>"; };
		1970AC72298C1A2C00AF5DCF /* Actions.sks */ = {isa = PBXFileReference; lastKnownFileType = file.sks; path = Actions.sks; sourceTree = "<group>"; };
		1970AC74298C1A2C00AF5DCF /* GameScene.swift */ = {isa = PBXFileReference; lastKnownFileType = sourcecode.swift; path = GameScene.swift; sourceTree = "<group>"; };
		1970AC76298C1A2C00AF5DCF /* GameViewController.swift */ = {isa = PBXFileReference; lastKnownFileType = sourcecode.swift; path = GameViewController.swift; sourceTree = "<group>"; };
		1970AC79298C1A2C00AF5DCF /* Base */ = {isa = PBXFileReference; lastKnownFileType = file.storyboard; name = Base; path = Base.lproj/Main.storyboard; sourceTree = "<group>"; };
		1970AC7B298C1A2D00AF5DCF /* Assets.xcassets */ = {isa = PBXFileReference; lastKnownFileType = folder.assetcatalog; path = Assets.xcassets; sourceTree = "<group>"; };
		1970AC7E298C1A2D00AF5DCF /* Base */ = {isa = PBXFileReference; lastKnownFileType = file.storyboard; name = Base; path = Base.lproj/LaunchScreen.storyboard; sourceTree = "<group>"; };
		1970AC87298C1B3A00AF5DCF /* plane3.png */ = {isa = PBXFileReference; lastKnownFileType = image.png; path = plane3.png; sourceTree = "<group>"; };
		1970AC88298C1B3A00AF5DCF /* plane2.png */ = {isa = PBXFileReference; lastKnownFileType = image.png; path = plane2.png; sourceTree = "<group>"; };
		1970AC89298C1B3A00AF5DCF /* plane1.png */ = {isa = PBXFileReference; lastKnownFileType = image.png; path = plane1.png; sourceTree = "<group>"; };
		1970AC8A298C1B3A00AF5DCF /* backButton.png */ = {isa = PBXFileReference; lastKnownFileType = image.png; path = backButton.png; sourceTree = "<group>"; };
		1970AC8B298C1B3A00AF5DCF /* plane.png */ = {isa = PBXFileReference; lastKnownFileType = image.png; path = plane.png; sourceTree = "<group>"; };
		1970AC8C298C1B3A00AF5DCF /* island.png */ = {isa = PBXFileReference; lastKnownFileType = image.png; path = island.png; sourceTree = "<group>"; };
		1970AC8D298C1B3A00AF5DCF /* ocean.gif */ = {isa = PBXFileReference; lastKnownFileType = image.gif; path = ocean.gif; sourceTree = "<group>"; };
		1970AC8E298C1B3A00AF5DCF /* cloud.png */ = {isa = PBXFileReference; lastKnownFileType = image.png; path = cloud.png; sourceTree = "<group>"; };
		1970AC8F298C1B3A00AF5DCF /* nextButton.png */ = {isa = PBXFileReference; lastKnownFileType = image.png; path = nextButton.png; sourceTree = "<group>"; };
		1970AC90298C1B3A00AF5DCF /* ocean.png */ = {isa = PBXFileReference; lastKnownFileType = image.png; path = ocean.png; sourceTree = "<group>"; };
		1970AC91298C1B3A00AF5DCF /* startButton.png */ = {isa = PBXFileReference; lastKnownFileType = image.png; path = startButton.png; sourceTree = "<group>"; };
		1970AC93298C1B3A00AF5DCF /* thunder.ogg */ = {isa = PBXFileReference; lastKnownFileType = file; path = thunder.ogg; sourceTree = "<group>"; };
		1970AC94298C1B3A00AF5DCF /* yay.ogg */ = {isa = PBXFileReference; lastKnownFileType = file; path = yay.ogg; sourceTree = "<group>"; };
		1970AC95298C1B3A00AF5DCF /* engine.ogg */ = {isa = PBXFileReference; lastKnownFileType = file; path = engine.ogg; sourceTree = "<group>"; };
		1970AC96298C1B3A00AF5DCF /* engine.mp3 */ = {isa = PBXFileReference; lastKnownFileType = audio.mp3; path = engine.mp3; sourceTree = "<group>"; };
		1970AC97298C1B3A00AF5DCF /* thunder.mp3 */ = {isa = PBXFileReference; lastKnownFileType = audio.mp3; path = thunder.mp3; sourceTree = "<group>"; };
		1970AC98298C1B3A00AF5DCF /* yay.mp3 */ = {isa = PBXFileReference; lastKnownFileType = audio.mp3; path = yay.mp3; sourceTree = "<group>"; };
		1970AC9A298C1B3A00AF5DCF /* Dock51.ttf */ = {isa = PBXFileReference; lastKnownFileType = file; path = Dock51.ttf; sourceTree = "<group>"; };
		1970AC9C298C1B3A00AF5DCF /* Island.swift */ = {isa = PBXFileReference; fileEncoding = 4; lastKnownFileType = sourcecode.swift; path = Island.swift; sourceTree = "<group>"; };
		1970AC9D298C1B3A00AF5DCF /* Cloud.swift */ = {isa = PBXFileReference; fileEncoding = 4; lastKnownFileType = sourcecode.swift; path = Cloud.swift; sourceTree = "<group>"; };
		1970AC9E298C1B3A00AF5DCF /* Ocean.swift */ = {isa = PBXFileReference; fileEncoding = 4; lastKnownFileType = sourcecode.swift; path = Ocean.swift; sourceTree = "<group>"; };
		1970AC9F298C1B3A00AF5DCF /* Player.swift */ = {isa = PBXFileReference; fileEncoding = 4; lastKnownFileType = sourcecode.swift; path = Player.swift; sourceTree = "<group>"; };
		1970ACA1298C1B3A00AF5DCF /* GameProtocol.swift */ = {isa = PBXFileReference; fileEncoding = 4; lastKnownFileType = sourcecode.swift; path = GameProtocol.swift; sourceTree = "<group>"; };
		1970ACA2298C1B3A00AF5DCF /* GameObject.swift */ = {isa = PBXFileReference; fileEncoding = 4; lastKnownFileType = sourcecode.swift; path = GameObject.swift; sourceTree = "<group>"; };
		1970ACA3298C1B3A00AF5DCF /* Layer.swift */ = {isa = PBXFileReference; fileEncoding = 4; lastKnownFileType = sourcecode.swift; path = Layer.swift; sourceTree = "<group>"; };
		1970ACA5298C1B3A00AF5DCF /* ScoreManager.swift */ = {isa = PBXFileReference; fileEncoding = 4; lastKnownFileType = sourcecode.swift; path = ScoreManager.swift; sourceTree = "<group>"; };
		1970ACA6298C1B3A00AF5DCF /* CollisionManager.swift */ = {isa = PBXFileReference; fileEncoding = 4; lastKnownFileType = sourcecode.swift; path = CollisionManager.swift; sourceTree = "<group>"; };
/* End PBXFileReference section */

/* Begin PBXFrameworksBuildPhase section */
		1970AC68298C1A2C00AF5DCF /* Frameworks */ = {
			isa = PBXFrameworksBuildPhase;
			buildActionMask = 2147483647;
			files = (
			);
			runOnlyForDeploymentPostprocessing = 0;
		};
/* End PBXFrameworksBuildPhase section */

/* Begin PBXGroup section */
		1970AC62298C1A2C00AF5DCF = {
			isa = PBXGroup;
			children = (
				1970AC6D298C1A2C00AF5DCF /* lab-ice-3 */,
				1970AC6C298C1A2C00AF5DCF /* Products */,
			);
			sourceTree = "<group>";
		};
		1970AC6C298C1A2C00AF5DCF /* Products */ = {
			isa = PBXGroup;
			children = (
				1970AC6B298C1A2C00AF5DCF /* lab-ice-3.app */,
			);
			name = Products;
			sourceTree = "<group>";
		};
		1970AC6D298C1A2C00AF5DCF /* lab-ice-3 */ = {
			isa = PBXGroup;
			children = (
				1970AC85298C1B3A00AF5DCF /* Assets */,
				1970ACA0298C1B3A00AF5DCF /* Core */,
				1970AC9B298C1B3A00AF5DCF /* GameObjects */,
				1970ACA4298C1B3A00AF5DCF /* Managers */,
				1970AC6E298C1A2C00AF5DCF /* AppDelegate.swift */,
				1970AC70298C1A2C00AF5DCF /* GameScene.sks */,
				1970AC72298C1A2C00AF5DCF /* Actions.sks */,
				1970AC74298C1A2C00AF5DCF /* GameScene.swift */,
				1970AC76298C1A2C00AF5DCF /* GameViewController.swift */,
				1970AC78298C1A2C00AF5DCF /* Main.storyboard */,
				1970AC7B298C1A2D00AF5DCF /* Assets.xcassets */,
				1970AC7D298C1A2D00AF5DCF /* LaunchScreen.storyboard */,
			);
			path = "lab-ice-3";
			sourceTree = "<group>";
		};
		1970AC85298C1B3A00AF5DCF /* Assets */ = {
			isa = PBXGroup;
			children = (
				1970AC86298C1B3A00AF5DCF /* images */,
				1970AC92298C1B3A00AF5DCF /* audio */,
				1970AC99298C1B3A00AF5DCF /* fonts */,
			);
			path = Assets;
			sourceTree = "<group>";
		};
		1970AC86298C1B3A00AF5DCF /* images */ = {
			isa = PBXGroup;
			children = (
				1970AC87298C1B3A00AF5DCF /* plane3.png */,
				1970AC88298C1B3A00AF5DCF /* plane2.png */,
				1970AC89298C1B3A00AF5DCF /* plane1.png */,
				1970AC8A298C1B3A00AF5DCF /* backButton.png */,
				1970AC8B298C1B3A00AF5DCF /* plane.png */,
				1970AC8C298C1B3A00AF5DCF /* island.png */,
				1970AC8D298C1B3A00AF5DCF /* ocean.gif */,
				1970AC8E298C1B3A00AF5DCF /* cloud.png */,
				1970AC8F298C1B3A00AF5DCF /* nextButton.png */,
				1970AC90298C1B3A00AF5DCF /* ocean.png */,
				1970AC91298C1B3A00AF5DCF /* startButton.png */,
			);
			path = images;
			sourceTree = "<group>";
		};
		1970AC92298C1B3A00AF5DCF /* audio */ = {
			isa = PBXGroup;
			children = (
				1970AC93298C1B3A00AF5DCF /* thunder.ogg */,
				1970AC94298C1B3A00AF5DCF /* yay.ogg */,
				1970AC95298C1B3A00AF5DCF /* engine.ogg */,
				1970AC96298C1B3A00AF5DCF /* engine.mp3 */,
				1970AC97298C1B3A00AF5DCF /* thunder.mp3 */,
				1970AC98298C1B3A00AF5DCF /* yay.mp3 */,
			);
			path = audio;
			sourceTree = "<group>";
		};
		1970AC99298C1B3A00AF5DCF /* fonts */ = {
			isa = PBXGroup;
			children = (
				1970AC9A298C1B3A00AF5DCF /* Dock51.ttf */,
			);
			path = fonts;
			sourceTree = "<group>";
		};
		1970AC9B298C1B3A00AF5DCF /* GameObjects */ = {
			isa = PBXGroup;
			children = (
				1970AC9C298C1B3A00AF5DCF /* Island.swift */,
				1970AC9D298C1B3A00AF5DCF /* Cloud.swift */,
				1970AC9E298C1B3A00AF5DCF /* Ocean.swift */,
				1970AC9F298C1B3A00AF5DCF /* Player.swift */,
			);
			path = GameObjects;
			sourceTree = "<group>";
		};
		1970ACA0298C1B3A00AF5DCF /* Core */ = {
			isa = PBXGroup;
			children = (
				1970ACA1298C1B3A00AF5DCF /* GameProtocol.swift */,
				1970ACA2298C1B3A00AF5DCF /* GameObject.swift */,
				1970ACA3298C1B3A00AF5DCF /* Layer.swift */,
			);
			path = Core;
			sourceTree = "<group>";
		};
		1970ACA4298C1B3A00AF5DCF /* Managers */ = {
			isa = PBXGroup;
			children = (
				1970ACA5298C1B3A00AF5DCF /* ScoreManager.swift */,
				1970ACA6298C1B3A00AF5DCF /* CollisionManager.swift */,
			);
			path = Managers;
			sourceTree = "<group>";
		};
/* End PBXGroup section */

/* Begin PBXNativeTarget section */
		1970AC6A298C1A2C00AF5DCF /* lab-ice-3 */ = {
			isa = PBXNativeTarget;
			buildConfigurationList = 1970AC82298C1A2D00AF5DCF /* Build configuration list for PBXNativeTarget "lab-ice-3" */;
			buildPhases = (
				1970AC67298C1A2C00AF5DCF /* Sources */,
				1970AC68298C1A2C00AF5DCF /* Frameworks */,
				1970AC69298C1A2C00AF5DCF /* Resources */,
			);
			buildRules = (
			);
			dependencies = (
			);
			name = "lab-ice-3";
			productName = "lab-ice-3";
			productReference = 1970AC6B298C1A2C00AF5DCF /* lab-ice-3.app */;
			productType = "com.apple.product-type.application";
		};
/* End PBXNativeTarget section */

/* Begin PBXProject section */
		1970AC63298C1A2C00AF5DCF /* Project object */ = {
			isa = PBXProject;
			attributes = {
				BuildIndependentTargetsInParallel = 1;
				LastSwiftUpdateCheck = 1420;
				LastUpgradeCheck = 1420;
				TargetAttributes = {
					1970AC6A298C1A2C00AF5DCF = {
						CreatedOnToolsVersion = 14.2;
					};
				};
			};
			buildConfigurationList = 1970AC66298C1A2C00AF5DCF /* Build configuration list for PBXProject "lab-ice-3" */;
			compatibilityVersion = "Xcode 14.0";
			developmentRegion = en;
			hasScannedForEncodings = 0;
			knownRegions = (
				en,
				Base,
			);
			mainGroup = 1970AC62298C1A2C00AF5DCF;
			productRefGroup = 1970AC6C298C1A2C00AF5DCF /* Products */;
			projectDirPath = "";
			projectRoot = "";
			targets = (
				1970AC6A298C1A2C00AF5DCF /* lab-ice-3 */,
			);
		};
/* End PBXProject section */

/* Begin PBXResourcesBuildPhase section */
		1970AC69298C1A2C00AF5DCF /* Resources */ = {
			isa = PBXResourcesBuildPhase;
			buildActionMask = 2147483647;
			files = (
				1970AC7A298C1A2C00AF5DCF /* Main.storyboard in Resources */,
				1970ACAC298C1B3A00AF5DCF /* island.png in Resources */,
				1970ACB2298C1B3A00AF5DCF /* thunder.ogg in Resources */,
				1970ACAF298C1B3A00AF5DCF /* nextButton.png in Resources */,
				1970AC71298C1A2C00AF5DCF /* GameScene.sks in Resources */,
				1970ACB8298C1B3A00AF5DCF /* Dock51.ttf in Resources */,
				1970ACAB298C1B3A00AF5DCF /* plane.png in Resources */,
				1970ACB5298C1B3A00AF5DCF /* engine.mp3 in Resources */,
				1970ACA7298C1B3A00AF5DCF /* plane3.png in Resources */,
				1970ACB6298C1B3A00AF5DCF /* thunder.mp3 in Resources */,
				1970AC7C298C1A2D00AF5DCF /* Assets.xcassets in Resources */,
				1970ACB0298C1B3A00AF5DCF /* ocean.png in Resources */,
				1970ACB3298C1B3A00AF5DCF /* yay.ogg in Resources */,
				1970ACB7298C1B3A00AF5DCF /* yay.mp3 in Resources */,
				1970ACAA298C1B3A00AF5DCF /* backButton.png in Resources */,
				1970ACAD298C1B3A00AF5DCF /* ocean.gif in Resources */,
				1970AC7F298C1A2D00AF5DCF /* LaunchScreen.storyboard in Resources */,
				1970AC73298C1A2C00AF5DCF /* Actions.sks in Resources */,
				1970ACB1298C1B3A00AF5DCF /* startButton.png in Resources */,
				1970ACAE298C1B3A00AF5DCF /* cloud.png in Resources */,
				1970ACB4298C1B3A00AF5DCF /* engine.ogg in Resources */,
				1970ACA9298C1B3A00AF5DCF /* plane1.png in Resources */,
				1970ACA8298C1B3A00AF5DCF /* plane2.png in Resources */,
			);
			runOnlyForDeploymentPostprocessing = 0;
		};
/* End PBXResourcesBuildPhase section */

/* Begin PBXSourcesBuildPhase section */
		1970AC67298C1A2C00AF5DCF /* Sources */ = {
			isa = PBXSourcesBuildPhase;
			buildActionMask = 2147483647;
			files = (
				1970ACC1298C1B3A00AF5DCF /* CollisionManager.swift in Sources */,
				1970ACBA298C1B3A00AF5DCF /* Cloud.swift in Sources */,
				1970ACBD298C1B3A00AF5DCF /* GameProtocol.swift in Sources */,
				1970ACBE298C1B3A00AF5DCF /* GameObject.swift in Sources */,
				1970AC75298C1A2C00AF5DCF /* GameScene.swift in Sources */,
				1970AC77298C1A2C00AF5DCF /* GameViewController.swift in Sources */,
				1970ACB9298C1B3A00AF5DCF /* Island.swift in Sources */,
				1970ACBC298C1B3A00AF5DCF /* Player.swift in Sources */,
				1970ACBF298C1B3A00AF5DCF /* Layer.swift in Sources */,
				1970ACBB298C1B3A00AF5DCF /* Ocean.swift in Sources */,
				1970ACC0298C1B3A00AF5DCF /* ScoreManager.swift in Sources */,
				1970AC6F298C1A2C00AF5DCF /* AppDelegate.swift in Sources */,
			);
			runOnlyForDeploymentPostprocessing = 0;
		};
/* End PBXSourcesBuildPhase section */

/* Begin PBXVariantGroup section */
		1970AC78298C1A2C00AF5DCF /* Main.storyboard */ = {
			isa = PBXVariantGroup;
			children = (
				1970AC79298C1A2C00AF5DCF /* Base */,
			);
			name = Main.storyboard;
			sourceTree = "<group>";
		};
		1970AC7D298C1A2D00AF5DCF /* LaunchScreen.storyboard */ = {
			isa = PBXVariantGroup;
			children = (
				1970AC7E298C1A2D00AF5DCF /* Base */,
			);
			name = LaunchScreen.storyboard;
			sourceTree = "<group>";
		};
/* End PBXVariantGroup section */

/* Begin XCBuildConfiguration section */
		1970AC80298C1A2D00AF5DCF /* Debug */ = {
			isa = XCBuildConfiguration;
			buildSettings = {
				ALWAYS_SEARCH_USER_PATHS = NO;
				CLANG_ANALYZER_NONNULL = YES;
				CLANG_ANALYZER_NUMBER_OBJECT_CONVERSION = YES_AGGRESSIVE;
				CLANG_CXX_LANGUAGE_STANDARD = "gnu++20";
				CLANG_ENABLE_MODULES = YES;
				CLANG_ENABLE_OBJC_ARC = YES;
				CLANG_ENABLE_OBJC_WEAK = YES;
				CLANG_WARN_BLOCK_CAPTURE_AUTORELEASING = YES;
				CLANG_WARN_BOOL_CONVERSION = YES;
				CLANG_WARN_COMMA = YES;
				CLANG_WARN_CONSTANT_CONVERSION = YES;
				CLANG_WARN_DEPRECATED_OBJC_IMPLEMENTATIONS = YES;
				CLANG_WARN_DIRECT_OBJC_ISA_USAGE = YES_ERROR;
				CLANG_WARN_DOCUMENTATION_COMMENTS = YES;
				CLANG_WARN_EMPTY_BODY = YES;
				CLANG_WARN_ENUM_CONVERSION = YES;
				CLANG_WARN_INFINITE_RECURSION = YES;
				CLANG_WARN_INT_CONVERSION = YES;
				CLANG_WARN_NON_LITERAL_NULL_CONVERSION = YES;
				CLANG_WARN_OBJC_IMPLICIT_RETAIN_SELF = YES;
				CLANG_WARN_OBJC_LITERAL_CONVERSION = YES;
				CLANG_WARN_OBJC_ROOT_CLASS = YES_ERROR;
				CLANG_WARN_QUOTED_INCLUDE_IN_FRAMEWORK_HEADER = YES;
				CLANG_WARN_RANGE_LOOP_ANALYSIS = YES;
				CLANG_WARN_STRICT_PROTOTYPES = YES;
				CLANG_WARN_SUSPICIOUS_MOVE = YES;
				CLANG_WARN_UNGUARDED_AVAILABILITY = YES_AGGRESSIVE;
				CLANG_WARN_UNREACHABLE_CODE = YES;
				CLANG_WARN__DUPLICATE_METHOD_MATCH = YES;
				COPY_PHASE_STRIP = NO;
				DEBUG_INFORMATION_FORMAT = dwarf;
				ENABLE_STRICT_OBJC_MSGSEND = YES;
				ENABLE_TESTABILITY = YES;
				GCC_C_LANGUAGE_STANDARD = gnu11;
				GCC_DYNAMIC_NO_PIC = NO;
				GCC_NO_COMMON_BLOCKS = YES;
				GCC_OPTIMIZATION_LEVEL = 0;
				GCC_PREPROCESSOR_DEFINITIONS = (
					"DEBUG=1",
					"$(inherited)",
				);
				GCC_WARN_64_TO_32_BIT_CONVERSION = YES;
				GCC_WARN_ABOUT_RETURN_TYPE = YES_ERROR;
				GCC_WARN_UNDECLARED_SELECTOR = YES;
				GCC_WARN_UNINITIALIZED_AUTOS = YES_AGGRESSIVE;
				GCC_WARN_UNUSED_FUNCTION = YES;
				GCC_WARN_UNUSED_VARIABLE = YES;
				IPHONEOS_DEPLOYMENT_TARGET = 16.2;
				MTL_ENABLE_DEBUG_INFO = INCLUDE_SOURCE;
				MTL_FAST_MATH = YES;
				ONLY_ACTIVE_ARCH = YES;
				SDKROOT = iphoneos;
				SWIFT_ACTIVE_COMPILATION_CONDITIONS = DEBUG;
				SWIFT_OPTIMIZATION_LEVEL = "-Onone";
			};
			name = Debug;
		};
		1970AC81298C1A2D00AF5DCF /* Release */ = {
			isa = XCBuildConfiguration;
			buildSettings = {
				ALWAYS_SEARCH_USER_PATHS = NO;
				CLANG_ANALYZER_NONNULL = YES;
				CLANG_ANALYZER_NUMBER_OBJECT_CONVERSION = YES_AGGRESSIVE;
				CLANG_CXX_LANGUAGE_STANDARD = "gnu++20";
				CLANG_ENABLE_MODULES = YES;
				CLANG_ENABLE_OBJC_ARC = YES;
				CLANG_ENABLE_OBJC_WEAK = YES;
				CLANG_WARN_BLOCK_CAPTURE_AUTORELEASING = YES;
				CLANG_WARN_BOOL_CONVERSION = YES;
				CLANG_WARN_COMMA = YES;
				CLANG_WARN_CONSTANT_CONVERSION = YES;
				CLANG_WARN_DEPRECATED_OBJC_IMPLEMENTATIONS = YES;
				CLANG_WARN_DIRECT_OBJC_ISA_USAGE = YES_ERROR;
				CLANG_WARN_DOCUMENTATION_COMMENTS = YES;
				CLANG_WARN_EMPTY_BODY = YES;
				CLANG_WARN_ENUM_CONVERSION = YES;
				CLANG_WARN_INFINITE_RECURSION = YES;
				CLANG_WARN_INT_CONVERSION = YES;
				CLANG_WARN_NON_LITERAL_NULL_CONVERSION = YES;
				CLANG_WARN_OBJC_IMPLICIT_RETAIN_SELF = YES;
				CLANG_WARN_OBJC_LITERAL_CONVERSION = YES;
				CLANG_WARN_OBJC_ROOT_CLASS = YES_ERROR;
				CLANG_WARN_QUOTED_INCLUDE_IN_FRAMEWORK_HEADER = YES;
				CLANG_WARN_RANGE_LOOP_ANALYSIS = YES;
				CLANG_WARN_STRICT_PROTOTYPES = YES;
				CLANG_WARN_SUSPICIOUS_MOVE = YES;
				CLANG_WARN_UNGUARDED_AVAILABILITY = YES_AGGRESSIVE;
				CLANG_WARN_UNREACHABLE_CODE = YES;
				CLANG_WARN__DUPLICATE_METHOD_MATCH = YES;
				COPY_PHASE_STRIP = NO;
				DEBUG_INFORMATION_FORMAT = "dwarf-with-dsym";
				ENABLE_NS_ASSERTIONS = NO;
				ENABLE_STRICT_OBJC_MSGSEND = YES;
				GCC_C_LANGUAGE_STANDARD = gnu11;
				GCC_NO_COMMON_BLOCKS = YES;
				GCC_WARN_64_TO_32_BIT_CONVERSION = YES;
				GCC_WARN_ABOUT_RETURN_TYPE = YES_ERROR;
				GCC_WARN_UNDECLARED_SELECTOR = YES;
				GCC_WARN_UNINITIALIZED_AUTOS = YES_AGGRESSIVE;
				GCC_WARN_UNUSED_FUNCTION = YES;
				GCC_WARN_UNUSED_VARIABLE = YES;
				IPHONEOS_DEPLOYMENT_TARGET = 16.2;
				MTL_ENABLE_DEBUG_INFO = NO;
				MTL_FAST_MATH = YES;
				SDKROOT = iphoneos;
				SWIFT_COMPILATION_MODE = wholemodule;
				SWIFT_OPTIMIZATION_LEVEL = "-O";
				VALIDATE_PRODUCT = YES;
			};
			name = Release;
		};
		1970AC83298C1A2D00AF5DCF /* Debug */ = {
			isa = XCBuildConfiguration;
			buildSettings = {
				ASSETCATALOG_COMPILER_APPICON_NAME = AppIcon;
				ASSETCATALOG_COMPILER_GLOBAL_ACCENT_COLOR_NAME = AccentColor;
				CODE_SIGN_STYLE = Automatic;
				CURRENT_PROJECT_VERSION = 1;
				GENERATE_INFOPLIST_FILE = YES;
				INFOPLIST_KEY_UIApplicationSupportsIndirectInputEvents = YES;
				INFOPLIST_KEY_UILaunchStoryboardName = LaunchScreen;
				INFOPLIST_KEY_UIMainStoryboardFile = Main;
				INFOPLIST_KEY_UIStatusBarHidden = YES;
				INFOPLIST_KEY_UISupportedInterfaceOrientations_iPad = "UIInterfaceOrientationPortrait UIInterfaceOrientationPortraitUpsideDown UIInterfaceOrientationLandscapeLeft UIInterfaceOrientationLandscapeRight";
				INFOPLIST_KEY_UISupportedInterfaceOrientations_iPhone = "UIInterfaceOrientationPortrait UIInterfaceOrientationLandscapeLeft UIInterfaceOrientationLandscapeRight";
				LD_RUNPATH_SEARCH_PATHS = (
					"$(inherited)",
					"@executable_path/Frameworks",
				);
				MARKETING_VERSION = 1.0;
				PRODUCT_BUNDLE_IDENTIFIER = "ca.centennialcollege.lab-ice-3";
				PRODUCT_NAME = "$(TARGET_NAME)";
				SWIFT_EMIT_LOC_STRINGS = YES;
				SWIFT_VERSION = 5.0;
				TARGETED_DEVICE_FAMILY = "1,2";
			};
			name = Debug;
		};
		1970AC84298C1A2D00AF5DCF /* Release */ = {
			isa = XCBuildConfiguration;
			buildSettings = {
				ASSETCATALOG_COMPILER_APPICON_NAME = AppIcon;
				ASSETCATALOG_COMPILER_GLOBAL_ACCENT_COLOR_NAME = AccentColor;
				CODE_SIGN_STYLE = Automatic;
				CURRENT_PROJECT_VERSION = 1;
				GENERATE_INFOPLIST_FILE = YES;
				INFOPLIST_KEY_UIApplicationSupportsIndirectInputEvents = YES;
				INFOPLIST_KEY_UILaunchStoryboardName = LaunchScreen;
				INFOPLIST_KEY_UIMainStoryboardFile = Main;
				INFOPLIST_KEY_UIStatusBarHidden = YES;
				INFOPLIST_KEY_UISupportedInterfaceOrientations_iPad = "UIInterfaceOrientationPortrait UIInterfaceOrientationPortraitUpsideDown UIInterfaceOrientationLandscapeLeft UIInterfaceOrientationLandscapeRight";
				INFOPLIST_KEY_UISupportedInterfaceOrientations_iPhone = "UIInterfaceOrientationPortrait UIInterfaceOrientationLandscapeLeft UIInterfaceOrientationLandscapeRight";
				LD_RUNPATH_SEARCH_PATHS = (
					"$(inherited)",
					"@executable_path/Frameworks",
				);
				MARKETING_VERSION = 1.0;
				PRODUCT_BUNDLE_IDENTIFIER = "ca.centennialcollege.lab-ice-3";
				PRODUCT_NAME = "$(TARGET_NAME)";
				SWIFT_EMIT_LOC_STRINGS = YES;
				SWIFT_VERSION = 5.0;
				TARGETED_DEVICE_FAMILY = "1,2";
			};
			name = Release;
		};
/* End XCBuildConfiguration section */

/* Begin XCConfigurationList section */
		1970AC66298C1A2C00AF5DCF /* Build configuration list for PBXProject "lab-ice-3" */ = {
			isa = XCConfigurationList;
			buildConfigurations = (
				1970AC80298C1A2D00AF5DCF /* Debug */,
				1970AC81298C1A2D00AF5DCF /* Release */,
			);
			defaultConfigurationIsVisible = 0;
			defaultConfigurationName = Release;
		};
		1970AC82298C1A2D00AF5DCF /* Build configuration list for PBXNativeTarget "lab-ice-3" */ = {
			isa = XCConfigurationList;
			buildConfigurations = (
				1970AC83298C1A2D00AF5DCF /* Debug */,
				1970AC84298C1A2D00AF5DCF /* Release */,
			);
			defaultConfigurationIsVisible = 0;
			defaultConfigurationName = Release;
		};
/* End XCConfigurationList section */
	};
	rootObject = 1970AC63298C1A2C00AF5DCF /* Project object */;
}
